
Microsoft Visual Studio Solution File, Format Version 12.00
# Visual Studio 15
VisualStudioVersion = 15.0.27428.2043
MinimumVisualStudioVersion = 10.0.40219.1
Project("{FAE04EC0-301F-11D3-BF4B-00C04F79EFBC}") = "OAPSOS_lab", "OAPSOS_lab.csproj", "{EB5DCEAA-F3D7-400E-BD90-C212FBE2ADF5}"
EndProject
Global
	GlobalSection(SolutionConfigurationPlatforms) = preSolution
		Debug|Any CPU = Debug|Any CPU
		Release|Any CPU = Release|Any CPU
	EndGlobalSection
	GlobalSection(ProjectConfigurationPlatforms) = postSolution
		{EB5DCEAA-F3D7-400E-BD90-C212FBE2ADF5}.Debug|Any CPU.ActiveCfg = Debug|Any CPU
		{EB5DCEAA-F3D7-400E-BD90-C212FBE2ADF5}.Debug|Any CPU.Build.0 = Debug|Any CPU
		{EB5DCEAA-F3D7-400E-BD90-C212FBE2ADF5}.Release|Any CPU.ActiveCfg = Release|Any CPU
		{EB5DCEAA-F3D7-400E-BD90-C212FBE2ADF5}.Release|Any CPU.Build.0 = Release|Any CPU
	EndGlobalSection
	GlobalSection(SolutionProperties) = preSolution
		HideSolutionNode = FALSE
	EndGlobalSection
	GlobalSection(ExtensibilityGlobals) = postSolution
		SolutionGuid = {B16E18CF-3A56-4E86-9DD8-64D772A87325}
	EndGlobalSection
EndGlobal
